
Microsoft Visual Studio Solution File, Format Version 12.00
# Visual Studio Version 16
VisualStudioVersion = 16.0.31702.278
MinimumVisualStudioVersion = 10.0.40219.1
Project("{FAE04EC0-301F-11D3-BF4B-00C04F79EFBC}") = "VisualProgramming2", "VisualProgramming2\VisualProgramming2.csproj", "{C0DB0021-818E-441F-AAAF-4E2D3F134FD2}"
EndProject
Global
	GlobalSection(SolutionConfigurationPlatforms) = preSolution
		Debug|Any CPU = Debug|Any CPU
		Release|Any CPU = Release|Any CPU
	EndGlobalSection
	GlobalSection(ProjectConfigurationPlatforms) = postSolution
		{C0DB0021-818E-441F-AAAF-4E2D3F134FD2}.Debug|Any CPU.ActiveCfg = Debug|Any CPU
		{C0DB0021-818E-441F-AAAF-4E2D3F134FD2}.Debug|Any CPU.Build.0 = Debug|Any CPU
		{C0DB0021-818E-441F-AAAF-4E2D3F134FD2}.Release|Any CPU.ActiveCfg = Release|Any CPU
		{C0DB0021-818E-441F-AAAF-4E2D3F134FD2}.Release|Any CPU.Build.0 = Release|Any CPU
	EndGlobalSection
	GlobalSection(SolutionProperties) = preSolution
		HideSolutionNode = FALSE
	EndGlobalSection
	GlobalSection(ExtensibilityGlobals) = postSolution
		SolutionGuid = {C5AC36B6-DE9B-450B-857F-3825B5AF81E2}
	EndGlobalSection
EndGlobal
